
Microsoft Visual Studio Solution File, Format Version 12.00
# Visual Studio Version 17
VisualStudioVersion = 17.3.32901.215
MinimumVisualStudioVersion = 10.0.40219.1
Project("{FAE04EC0-301F-11D3-BF4B-00C04F79EFBC}") = "if1", "if1\if1.csproj", "{834C7CD6-6F39-4495-AA9E-E6C308B2C008}"
EndProject
Global
	GlobalSection(SolutionConfigurationPlatforms) = preSolution
		Debug|Any CPU = Debug|Any CPU
		Release|Any CPU = Release|Any CPU
	EndGlobalSection
	GlobalSection(ProjectConfigurationPlatforms) = postSolution
		{834C7CD6-6F39-4495-AA9E-E6C308B2C008}.Debug|Any CPU.ActiveCfg = Debug|Any CPU
		{834C7CD6-6F39-4495-AA9E-E6C308B2C008}.Debug|Any CPU.Build.0 = Debug|Any CPU
		{834C7CD6-6F39-4495-AA9E-E6C308B2C008}.Release|Any CPU.ActiveCfg = Release|Any CPU
		{834C7CD6-6F39-4495-AA9E-E6C308B2C008}.Release|Any CPU.Build.0 = Release|Any CPU
	EndGlobalSection
	GlobalSection(SolutionProperties) = preSolution
		HideSolutionNode = FALSE
	EndGlobalSection
	GlobalSection(ExtensibilityGlobals) = postSolution
		SolutionGuid = {559A6EF1-9AE8-4B0F-A3B5-F4BA28E04188}
	EndGlobalSection
EndGlobal
